
Microsoft Visual Studio Solution File, Format Version 12.00
# Visual Studio Version 16
VisualStudioVersion = 16.0.31105.61
MinimumVisualStudioVersion = 10.0.40219.1
Project("{FAE04EC0-301F-11D3-BF4B-00C04F79EFBC}") = "BRCS", "BRCS\BRCS.csproj", "{30EA0099-FABB-49D2-A2DD-F2B487F6748A}"
EndProject
Project("{FAE04EC0-301F-11D3-BF4B-00C04F79EFBC}") = "BRCS.CLI", "BRCS.CLI\BRCS.CLI.csproj", "{BCBDD2AF-02BC-4050-96A1-43202F081F87}"
EndProject
Global
	GlobalSection(SolutionConfigurationPlatforms) = preSolution
		Debug|Any CPU = Debug|Any CPU
		Release|Any CPU = Release|Any CPU
	EndGlobalSection
	GlobalSection(ProjectConfigurationPlatforms) = postSolution
		{30EA0099-FABB-49D2-A2DD-F2B487F6748A}.Debug|Any CPU.ActiveCfg = Debug|Any CPU
		{30EA0099-FABB-49D2-A2DD-F2B487F6748A}.Debug|Any CPU.Build.0 = Debug|Any CPU
		{30EA0099-FABB-49D2-A2DD-F2B487F6748A}.Release|Any CPU.ActiveCfg = Release|Any CPU
		{30EA0099-FABB-49D2-A2DD-F2B487F6748A}.Release|Any CPU.Build.0 = Release|Any CPU
		{BCBDD2AF-02BC-4050-96A1-43202F081F87}.Debug|Any CPU.ActiveCfg = Debug|Any CPU
		{BCBDD2AF-02BC-4050-96A1-43202F081F87}.Debug|Any CPU.Build.0 = Debug|Any CPU
		{BCBDD2AF-02BC-4050-96A1-43202F081F87}.Release|Any CPU.ActiveCfg = Release|Any CPU
		{BCBDD2AF-02BC-4050-96A1-43202F081F87}.Release|Any CPU.Build.0 = Release|Any CPU
	EndGlobalSection
	GlobalSection(SolutionProperties) = preSolution
		HideSolutionNode = FALSE
	EndGlobalSection
	GlobalSection(ExtensibilityGlobals) = postSolution
		SolutionGuid = {66C1ACF8-7F49-4CE1-8DB9-5E5AE20F0357}
	EndGlobalSection
EndGlobal
